// !$*UTF8*$!
{
	archiveVersion = 1;
	classes = {
	};
	objectVersion = 56;
	objects = {

/* Begin PBXBuildFile section */
		4A9FE80B29217D9F0018AAB6 /* PlantParentApp.swift in Sources */ = {isa = PBXBuildFile; fileRef = 4A9FE80A29217D9F0018AAB6 /* PlantParentApp.swift */; };
		4A9FE80D29217D9F0018AAB6 /* PlantDetailView.swift in Sources */ = {isa = PBXBuildFile; fileRef = 4A9FE80C29217D9F0018AAB6 /* PlantDetailView.swift */; };
		4A9FE80F29217DA30018AAB6 /* Assets.xcassets in Resources */ = {isa = PBXBuildFile; fileRef = 4A9FE80E29217DA30018AAB6 /* Assets.xcassets */; };
		4A9FE81229217DA30018AAB6 /* Preview Assets.xcassets in Resources */ = {isa = PBXBuildFile; fileRef = 4A9FE81129217DA30018AAB6 /* Preview Assets.xcassets */; };
		4A9FE81C29217DA30018AAB6 /* PlantParentTests.swift in Sources */ = {isa = PBXBuildFile; fileRef = 4A9FE81B29217DA30018AAB6 /* PlantParentTests.swift */; };
		4A9FE82629217DA30018AAB6 /* PlantParentUITests.swift in Sources */ = {isa = PBXBuildFile; fileRef = 4A9FE82529217DA30018AAB6 /* PlantParentUITests.swift */; };
		4A9FE82829217DA30018AAB6 /* PlantParentUITestsLaunchTests.swift in Sources */ = {isa = PBXBuildFile; fileRef = 4A9FE82729217DA30018AAB6 /* PlantParentUITestsLaunchTests.swift */; };
		4A9FE836292191FF0018AAB6 /* Plant.swift in Sources */ = {isa = PBXBuildFile; fileRef = 4A9FE835292191FF0018AAB6 /* Plant.swift */; };
		4A9FE83829219CF10018AAB6 /* Record.swift in Sources */ = {isa = PBXBuildFile; fileRef = 4A9FE83729219CF10018AAB6 /* Record.swift */; };
		4A9FE83A2921B7590018AAB6 /* PlantCardView.swift in Sources */ = {isa = PBXBuildFile; fileRef = 4A9FE8392921B7590018AAB6 /* PlantCardView.swift */; };
		4A9FE83C2921BC8C0018AAB6 /* PlantsView.swift in Sources */ = {isa = PBXBuildFile; fileRef = 4A9FE83B2921BC8C0018AAB6 /* PlantsView.swift */; };
		4AFCB2462921C6A60061A0C1 /* PlantEditView.swift in Sources */ = {isa = PBXBuildFile; fileRef = 4AFCB2452921C6A60061A0C1 /* PlantEditView.swift */; };
		4AFCB248292203D00061A0C1 /* WateringView.swift in Sources */ = {isa = PBXBuildFile; fileRef = 4AFCB247292203D00061A0C1 /* WateringView.swift */; };
/* End PBXBuildFile section */

/* Begin PBXContainerItemProxy section */
		4A9FE81829217DA30018AAB6 /* PBXContainerItemProxy */ = {
			isa = PBXContainerItemProxy;
			containerPortal = 4A9FE7FF29217D9F0018AAB6 /* Project object */;
			proxyType = 1;
			remoteGlobalIDString = 4A9FE80629217D9F0018AAB6;
			remoteInfo = PlantParent;
		};
		4A9FE82229217DA30018AAB6 /* PBXContainerItemProxy */ = {
			isa = PBXContainerItemProxy;
			containerPortal = 4A9FE7FF29217D9F0018AAB6 /* Project object */;
			proxyType = 1;
			remoteGlobalIDString = 4A9FE80629217D9F0018AAB6;
			remoteInfo = PlantParent;
		};
/* End PBXContainerItemProxy section */

/* Begin PBXFileReference section */
		4A9FE80729217D9F0018AAB6 /* PlantParent.app */ = {isa = PBXFileReference; explicitFileType = wrapper.application; includeInIndex = 0; path = PlantParent.app; sourceTree = BUILT_PRODUCTS_DIR; };
		4A9FE80A29217D9F0018AAB6 /* PlantParentApp.swift */ = {isa = PBXFileReference; lastKnownFileType = sourcecode.swift; path = PlantParentApp.swift; sourceTree = "<group>"; };
		4A9FE80C29217D9F0018AAB6 /* PlantDetailView.swift */ = {isa = PBXFileReference; lastKnownFileType = sourcecode.swift; path = PlantDetailView.swift; sourceTree = "<group>"; };
		4A9FE80E29217DA30018AAB6 /* Assets.xcassets */ = {isa = PBXFileReference; lastKnownFileType = folder.assetcatalog; path = Assets.xcassets; sourceTree = "<group>"; };
		4A9FE81129217DA30018AAB6 /* Preview Assets.xcassets */ = {isa = PBXFileReference; lastKnownFileType = folder.assetcatalog; path = "Preview Assets.xcassets"; sourceTree = "<group>"; };
		4A9FE81729217DA30018AAB6 /* PlantParentTests.xctest */ = {isa = PBXFileReference; explicitFileType = wrapper.cfbundle; includeInIndex = 0; path = PlantParentTests.xctest; sourceTree = BUILT_PRODUCTS_DIR; };
		4A9FE81B29217DA30018AAB6 /* PlantParentTests.swift */ = {isa = PBXFileReference; lastKnownFileType = sourcecode.swift; path = PlantParentTests.swift; sourceTree = "<group>"; };
		4A9FE82129217DA30018AAB6 /* PlantParentUITests.xctest */ = {isa = PBXFileReference; explicitFileType = wrapper.cfbundle; includeInIndex = 0; path = PlantParentUITests.xctest; sourceTree = BUILT_PRODUCTS_DIR; };
		4A9FE82529217DA30018AAB6 /* PlantParentUITests.swift */ = {isa = PBXFileReference; lastKnownFileType = sourcecode.swift; path = PlantParentUITests.swift; sourceTree = "<group>"; };
		4A9FE82729217DA30018AAB6 /* PlantParentUITestsLaunchTests.swift */ = {isa = PBXFileReference; lastKnownFileType = sourcecode.swift; path = PlantParentUITestsLaunchTests.swift; sourceTree = "<group>"; };
		4A9FE835292191FF0018AAB6 /* Plant.swift */ = {isa = PBXFileReference; lastKnownFileType = sourcecode.swift; path = Plant.swift; sourceTree = "<group>"; };
		4A9FE83729219CF10018AAB6 /* Record.swift */ = {isa = PBXFileReference; lastKnownFileType = sourcecode.swift; path = Record.swift; sourceTree = "<group>"; };
		4A9FE8392921B7590018AAB6 /* PlantCardView.swift */ = {isa = PBXFileReference; lastKnownFileType = sourcecode.swift; path = PlantCardView.swift; sourceTree = "<group>"; };
		4A9FE83B2921BC8C0018AAB6 /* PlantsView.swift */ = {isa = PBXFileReference; lastKnownFileType = sourcecode.swift; path = PlantsView.swift; sourceTree = "<group>"; };
		4AFCB2452921C6A60061A0C1 /* PlantEditView.swift */ = {isa = PBXFileReference; lastKnownFileType = sourcecode.swift; path = PlantEditView.swift; sourceTree = "<group>"; };
		4AFCB247292203D00061A0C1 /* WateringView.swift */ = {isa = PBXFileReference; lastKnownFileType = sourcecode.swift; path = WateringView.swift; sourceTree = "<group>"; };
/* End PBXFileReference section */

/* Begin PBXFrameworksBuildPhase section */
		4A9FE80429217D9F0018AAB6 /* Frameworks */ = {
			isa = PBXFrameworksBuildPhase;
			buildActionMask = 2147483647;
			files = (
			);
			runOnlyForDeploymentPostprocessing = 0;
		};
		4A9FE81429217DA30018AAB6 /* Frameworks */ = {
			isa = PBXFrameworksBuildPhase;
			buildActionMask = 2147483647;
			files = (
			);
			runOnlyForDeploymentPostprocessing = 0;
		};
		4A9FE81E29217DA30018AAB6 /* Frameworks */ = {
			isa = PBXFrameworksBuildPhase;
			buildActionMask = 2147483647;
			files = (
			);
			runOnlyForDeploymentPostprocessing = 0;
		};
/* End PBXFrameworksBuildPhase section */

/* Begin PBXGroup section */
		4A9FE7FE29217D9F0018AAB6 = {
			isa = PBXGroup;
			children = (
				4A9FE80929217D9F0018AAB6 /* PlantParent */,
				4A9FE81A29217DA30018AAB6 /* PlantParentTests */,
				4A9FE82429217DA30018AAB6 /* PlantParentUITests */,
				4A9FE80829217D9F0018AAB6 /* Products */,
			);
			sourceTree = "<group>";
		};
		4A9FE80829217D9F0018AAB6 /* Products */ = {
			isa = PBXGroup;
			children = (
				4A9FE80729217D9F0018AAB6 /* PlantParent.app */,
				4A9FE81729217DA30018AAB6 /* PlantParentTests.xctest */,
				4A9FE82129217DA30018AAB6 /* PlantParentUITests.xctest */,
			);
			name = Products;
			sourceTree = "<group>";
		};
		4A9FE80929217D9F0018AAB6 /* PlantParent */ = {
			isa = PBXGroup;
			children = (
				4A9FE834292182BB0018AAB6 /* Models */,
				4A9FE80A29217D9F0018AAB6 /* PlantParentApp.swift */,
				4A9FE80C29217D9F0018AAB6 /* PlantDetailView.swift */,
				4A9FE80E29217DA30018AAB6 /* Assets.xcassets */,
				4A9FE81029217DA30018AAB6 /* Preview Content */,
				4A9FE8392921B7590018AAB6 /* PlantCardView.swift */,
				4A9FE83B2921BC8C0018AAB6 /* PlantsView.swift */,
				4AFCB2452921C6A60061A0C1 /* PlantEditView.swift */,
				4AFCB247292203D00061A0C1 /* WateringView.swift */,
			);
			path = PlantParent;
			sourceTree = "<group>";
		};
		4A9FE81029217DA30018AAB6 /* Preview Content */ = {
			isa = PBXGroup;
			children = (
				4A9FE81129217DA30018AAB6 /* Preview Assets.xcassets */,
			);
			path = "Preview Content";
			sourceTree = "<group>";
		};
		4A9FE81A29217DA30018AAB6 /* PlantParentTests */ = {
			isa = PBXGroup;
			children = (
				4A9FE81B29217DA30018AAB6 /* PlantParentTests.swift */,
			);
			path = PlantParentTests;
			sourceTree = "<group>";
		};
		4A9FE82429217DA30018AAB6 /* PlantParentUITests */ = {
			isa = PBXGroup;
			children = (
				4A9FE82529217DA30018AAB6 /* PlantParentUITests.swift */,
				4A9FE82729217DA30018AAB6 /* PlantParentUITestsLaunchTests.swift */,
			);
			path = PlantParentUITests;
			sourceTree = "<group>";
		};
		4A9FE834292182BB0018AAB6 /* Models */ = {
			isa = PBXGroup;
			children = (
				4A9FE835292191FF0018AAB6 /* Plant.swift */,
				4A9FE83729219CF10018AAB6 /* Record.swift */,
			);
			path = Models;
			sourceTree = "<group>";
		};
/* End PBXGroup section */

/* Begin PBXNativeTarget section */
		4A9FE80629217D9F0018AAB6 /* PlantParent */ = {
			isa = PBXNativeTarget;
			buildConfigurationList = 4A9FE82B29217DA30018AAB6 /* Build configuration list for PBXNativeTarget "PlantParent" */;
			buildPhases = (
				4A9FE80329217D9F0018AAB6 /* Sources */,
				4A9FE80429217D9F0018AAB6 /* Frameworks */,
				4A9FE80529217D9F0018AAB6 /* Resources */,
			);
			buildRules = (
			);
			dependencies = (
			);
			name = PlantParent;
			productName = PlantParent;
			productReference = 4A9FE80729217D9F0018AAB6 /* PlantParent.app */;
			productType = "com.apple.product-type.application";
		};
		4A9FE81629217DA30018AAB6 /* PlantParentTests */ = {
			isa = PBXNativeTarget;
			buildConfigurationList = 4A9FE82E29217DA30018AAB6 /* Build configuration list for PBXNativeTarget "PlantParentTests" */;
			buildPhases = (
				4A9FE81329217DA30018AAB6 /* Sources */,
				4A9FE81429217DA30018AAB6 /* Frameworks */,
				4A9FE81529217DA30018AAB6 /* Resources */,
			);
			buildRules = (
			);
			dependencies = (
				4A9FE81929217DA30018AAB6 /* PBXTargetDependency */,
			);
			name = PlantParentTests;
			productName = PlantParentTests;
			productReference = 4A9FE81729217DA30018AAB6 /* PlantParentTests.xctest */;
			productType = "com.apple.product-type.bundle.unit-test";
		};
		4A9FE82029217DA30018AAB6 /* PlantParentUITests */ = {
			isa = PBXNativeTarget;
			buildConfigurationList = 4A9FE83129217DA30018AAB6 /* Build configuration list for PBXNativeTarget "PlantParentUITests" */;
			buildPhases = (
				4A9FE81D29217DA30018AAB6 /* Sources */,
				4A9FE81E29217DA30018AAB6 /* Frameworks */,
				4A9FE81F29217DA30018AAB6 /* Resources */,
			);
			buildRules = (
			);
			dependencies = (
				4A9FE82329217DA30018AAB6 /* PBXTargetDependency */,
			);
			name = PlantParentUITests;
			productName = PlantParentUITests;
			productReference = 4A9FE82129217DA30018AAB6 /* PlantParentUITests.xctest */;
			productType = "com.apple.product-type.bundle.ui-testing";
		};
/* End PBXNativeTarget section */

/* Begin PBXProject section */
		4A9FE7FF29217D9F0018AAB6 /* Project object */ = {
			isa = PBXProject;
			attributes = {
				BuildIndependentTargetsInParallel = 1;
				LastSwiftUpdateCheck = 1410;
				LastUpgradeCheck = 1410;
				TargetAttributes = {
					4A9FE80629217D9F0018AAB6 = {
						CreatedOnToolsVersion = 14.1;
					};
					4A9FE81629217DA30018AAB6 = {
						CreatedOnToolsVersion = 14.1;
						TestTargetID = 4A9FE80629217D9F0018AAB6;
					};
					4A9FE82029217DA30018AAB6 = {
						CreatedOnToolsVersion = 14.1;
						TestTargetID = 4A9FE80629217D9F0018AAB6;
					};
				};
			};
			buildConfigurationList = 4A9FE80229217D9F0018AAB6 /* Build configuration list for PBXProject "PlantParent" */;
			compatibilityVersion = "Xcode 14.0";
			developmentRegion = en;
			hasScannedForEncodings = 0;
			knownRegions = (
				en,
				Base,
			);
			mainGroup = 4A9FE7FE29217D9F0018AAB6;
			productRefGroup = 4A9FE80829217D9F0018AAB6 /* Products */;
			projectDirPath = "";
			projectRoot = "";
			targets = (
				4A9FE80629217D9F0018AAB6 /* PlantParent */,
				4A9FE81629217DA30018AAB6 /* PlantParentTests */,
				4A9FE82029217DA30018AAB6 /* PlantParentUITests */,
			);
		};
/* End PBXProject section */

/* Begin PBXResourcesBuildPhase section */
		4A9FE80529217D9F0018AAB6 /* Resources */ = {
			isa = PBXResourcesBuildPhase;
			buildActionMask = 2147483647;
			files = (
				4A9FE81229217DA30018AAB6 /* Preview Assets.xcassets in Resources */,
				4A9FE80F29217DA30018AAB6 /* Assets.xcassets in Resources */,
			);
			runOnlyForDeploymentPostprocessing = 0;
		};
		4A9FE81529217DA30018AAB6 /* Resources */ = {
			isa = PBXResourcesBuildPhase;
			buildActionMask = 2147483647;
			files = (
			);
			runOnlyForDeploymentPostprocessing = 0;
		};
		4A9FE81F29217DA30018AAB6 /* Resources */ = {
			isa = PBXResourcesBuildPhase;
			buildActionMask = 2147483647;
			files = (
			);
			runOnlyForDeploymentPostprocessing = 0;
		};
/* End PBXResourcesBuildPhase section */

/* Begin PBXSourcesBuildPhase section */
		4A9FE80329217D9F0018AAB6 /* Sources */ = {
			isa = PBXSourcesBuildPhase;
			buildActionMask = 2147483647;
			files = (
				4AFCB248292203D00061A0C1 /* WateringView.swift in Sources */,
				4AFCB2462921C6A60061A0C1 /* PlantEditView.swift in Sources */,
				4A9FE80D29217D9F0018AAB6 /* PlantDetailView.swift in Sources */,
				4A9FE83A2921B7590018AAB6 /* PlantCardView.swift in Sources */,
				4A9FE83C2921BC8C0018AAB6 /* PlantsView.swift in Sources */,
				4A9FE836292191FF0018AAB6 /* Plant.swift in Sources */,
				4A9FE83829219CF10018AAB6 /* Record.swift in Sources */,
				4A9FE80B29217D9F0018AAB6 /* PlantParentApp.swift in Sources */,
			);
			runOnlyForDeploymentPostprocessing = 0;
		};
		4A9FE81329217DA30018AAB6 /* Sources */ = {
			isa = PBXSourcesBuildPhase;
			buildActionMask = 2147483647;
			files = (
				4A9FE81C29217DA30018AAB6 /* PlantParentTests.swift in Sources */,
			);
			runOnlyForDeploymentPostprocessing = 0;
		};
		4A9FE81D29217DA30018AAB6 /* Sources */ = {
			isa = PBXSourcesBuildPhase;
			buildActionMask = 2147483647;
			files = (
				4A9FE82829217DA30018AAB6 /* PlantParentUITestsLaunchTests.swift in Sources */,
				4A9FE82629217DA30018AAB6 /* PlantParentUITests.swift in Sources */,
			);
			runOnlyForDeploymentPostprocessing = 0;
		};
/* End PBXSourcesBuildPhase section */

/* Begin PBXTargetDependency section */
		4A9FE81929217DA30018AAB6 /* PBXTargetDependency */ = {
			isa = PBXTargetDependency;
			target = 4A9FE80629217D9F0018AAB6 /* PlantParent */;
			targetProxy = 4A9FE81829217DA30018AAB6 /* PBXContainerItemProxy */;
		};
		4A9FE82329217DA30018AAB6 /* PBXTargetDependency */ = {
			isa = PBXTargetDependency;
			target = 4A9FE80629217D9F0018AAB6 /* PlantParent */;
			targetProxy = 4A9FE82229217DA30018AAB6 /* PBXContainerItemProxy */;
		};
/* End PBXTargetDependency section */

/* Begin XCBuildConfiguration section */
		4A9FE82929217DA30018AAB6 /* Debug */ = {
			isa = XCBuildConfiguration;
			buildSettings = {
				ALWAYS_SEARCH_USER_PATHS = NO;
				CLANG_ANALYZER_NONNULL = YES;
				CLANG_ANALYZER_NUMBER_OBJECT_CONVERSION = YES_AGGRESSIVE;
				CLANG_CXX_LANGUAGE_STANDARD = "gnu++20";
				CLANG_ENABLE_MODULES = YES;
				CLANG_ENABLE_OBJC_ARC = YES;
				CLANG_ENABLE_OBJC_WEAK = YES;
				CLANG_WARN_BLOCK_CAPTURE_AUTORELEASING = YES;
				CLANG_WARN_BOOL_CONVERSION = YES;
				CLANG_WARN_COMMA = YES;
				CLANG_WARN_CONSTANT_CONVERSION = YES;
				CLANG_WARN_DEPRECATED_OBJC_IMPLEMENTATIONS = YES;
				CLANG_WARN_DIRECT_OBJC_ISA_USAGE = YES_ERROR;
				CLANG_WARN_DOCUMENTATION_COMMENTS = YES;
				CLANG_WARN_EMPTY_BODY = YES;
				CLANG_WARN_ENUM_CONVERSION = YES;
				CLANG_WARN_INFINITE_RECURSION = YES;
				CLANG_WARN_INT_CONVERSION = YES;
				CLANG_WARN_NON_LITERAL_NULL_CONVERSION = YES;
				CLANG_WARN_OBJC_IMPLICIT_RETAIN_SELF = YES;
				CLANG_WARN_OBJC_LITERAL_CONVERSION = YES;
				CLANG_WARN_OBJC_ROOT_CLASS = YES_ERROR;
				CLANG_WARN_QUOTED_INCLUDE_IN_FRAMEWORK_HEADER = YES;
				CLANG_WARN_RANGE_LOOP_ANALYSIS = YES;
				CLANG_WARN_STRICT_PROTOTYPES = YES;
				CLANG_WARN_SUSPICIOUS_MOVE = YES;
				CLANG_WARN_UNGUARDED_AVAILABILITY = YES_AGGRESSIVE;
				CLANG_WARN_UNREACHABLE_CODE = YES;
				CLANG_WARN__DUPLICATE_METHOD_MATCH = YES;
				COPY_PHASE_STRIP = NO;
				DEBUG_INFORMATION_FORMAT = dwarf;
				ENABLE_STRICT_OBJC_MSGSEND = YES;
				ENABLE_TESTABILITY = YES;
				GCC_C_LANGUAGE_STANDARD = gnu11;
				GCC_DYNAMIC_NO_PIC = NO;
				GCC_NO_COMMON_BLOCKS = YES;
				GCC_OPTIMIZATION_LEVEL = 0;
				GCC_PREPROCESSOR_DEFINITIONS = (
					"DEBUG=1",
					"$(inherited)",
				);
				GCC_WARN_64_TO_32_BIT_CONVERSION = YES;
				GCC_WARN_ABOUT_RETURN_TYPE = YES_ERROR;
				GCC_WARN_UNDECLARED_SELECTOR = YES;
				GCC_WARN_UNINITIALIZED_AUTOS = YES_AGGRESSIVE;
				GCC_WARN_UNUSED_FUNCTION = YES;
				GCC_WARN_UNUSED_VARIABLE = YES;
				IPHONEOS_DEPLOYMENT_TARGET = 16.1;
				MTL_ENABLE_DEBUG_INFO = INCLUDE_SOURCE;
				MTL_FAST_MATH = YES;
				ONLY_ACTIVE_ARCH = YES;
				SDKROOT = iphoneos;
				SWIFT_ACTIVE_COMPILATION_CONDITIONS = DEBUG;
				SWIFT_OPTIMIZATION_LEVEL = "-Onone";
			};
			name = Debug;
		};
		4A9FE82A29217DA30018AAB6 /* Release */ = {
			isa = XCBuildConfiguration;
			buildSettings = {
				ALWAYS_SEARCH_USER_PATHS = NO;
				CLANG_ANALYZER_NONNULL = YES;
				CLANG_ANALYZER_NUMBER_OBJECT_CONVERSION = YES_AGGRESSIVE;
				CLANG_CXX_LANGUAGE_STANDARD = "gnu++20";
				CLANG_ENABLE_MODULES = YES;
				CLANG_ENABLE_OBJC_ARC = YES;
				CLANG_ENABLE_OBJC_WEAK = YES;
				CLANG_WARN_BLOCK_CAPTURE_AUTORELEASING = YES;
				CLANG_WARN_BOOL_CONVERSION = YES;
				CLANG_WARN_COMMA = YES;
				CLANG_WARN_CONSTANT_CONVERSION = YES;
				CLANG_WARN_DEPRECATED_OBJC_IMPLEMENTATIONS = YES;
				CLANG_WARN_DIRECT_OBJC_ISA_USAGE = YES_ERROR;
				CLANG_WARN_DOCUMENTATION_COMMENTS = YES;
				CLANG_WARN_EMPTY_BODY = YES;
				CLANG_WARN_ENUM_CONVERSION = YES;
				CLANG_WARN_INFINITE_RECURSION = YES;
				CLANG_WARN_INT_CONVERSION = YES;
				CLANG_WARN_NON_LITERAL_NULL_CONVERSION = YES;
				CLANG_WARN_OBJC_IMPLICIT_RETAIN_SELF = YES;
				CLANG_WARN_OBJC_LITERAL_CONVERSION = YES;
				CLANG_WARN_OBJC_ROOT_CLASS = YES_ERROR;
				CLANG_WARN_QUOTED_INCLUDE_IN_FRAMEWORK_HEADER = YES;
				CLANG_WARN_RANGE_LOOP_ANALYSIS = YES;
				CLANG_WARN_STRICT_PROTOTYPES = YES;
				CLANG_WARN_SUSPICIOUS_MOVE = YES;
				CLANG_WARN_UNGUARDED_AVAILABILITY = YES_AGGRESSIVE;
				CLANG_WARN_UNREACHABLE_CODE = YES;
				CLANG_WARN__DUPLICATE_METHOD_MATCH = YES;
				COPY_PHASE_STRIP = NO;
				DEBUG_INFORMATION_FORMAT = "dwarf-with-dsym";
				ENABLE_NS_ASSERTIONS = NO;
				ENABLE_STRICT_OBJC_MSGSEND = YES;
				GCC_C_LANGUAGE_STANDARD = gnu11;
				GCC_NO_COMMON_BLOCKS = YES;
				GCC_WARN_64_TO_32_BIT_CONVERSION = YES;
				GCC_WARN_ABOUT_RETURN_TYPE = YES_ERROR;
				GCC_WARN_UNDECLARED_SELECTOR = YES;
				GCC_WARN_UNINITIALIZED_AUTOS = YES_AGGRESSIVE;
				GCC_WARN_UNUSED_FUNCTION = YES;
				GCC_WARN_UNUSED_VARIABLE = YES;
				IPHONEOS_DEPLOYMENT_TARGET = 16.1;
				MTL_ENABLE_DEBUG_INFO = NO;
				MTL_FAST_MATH = YES;
				SDKROOT = iphoneos;
				SWIFT_COMPILATION_MODE = wholemodule;
				SWIFT_OPTIMIZATION_LEVEL = "-O";
				VALIDATE_PRODUCT = YES;
			};
			name = Release;
		};
		4A9FE82C29217DA30018AAB6 /* Debug */ = {
			isa = XCBuildConfiguration;
			buildSettings = {
				ASSETCATALOG_COMPILER_APPICON_NAME = AppIcon;
				ASSETCATALOG_COMPILER_GLOBAL_ACCENT_COLOR_NAME = AccentColor;
				CODE_SIGN_STYLE = Automatic;
				CURRENT_PROJECT_VERSION = 1;
				DEVELOPMENT_ASSET_PATHS = "\"PlantParent/Preview Content\"";
				ENABLE_PREVIEWS = YES;
				GENERATE_INFOPLIST_FILE = YES;
				INFOPLIST_KEY_UIApplicationSceneManifest_Generation = YES;
				INFOPLIST_KEY_UIApplicationSupportsIndirectInputEvents = YES;
				INFOPLIST_KEY_UILaunchScreen_Generation = YES;
				INFOPLIST_KEY_UISupportedInterfaceOrientations_iPad = "UIInterfaceOrientationPortrait UIInterfaceOrientationPortraitUpsideDown UIInterfaceOrientationLandscapeLeft UIInterfaceOrientationLandscapeRight";
				INFOPLIST_KEY_UISupportedInterfaceOrientations_iPhone = "UIInterfaceOrientationPortrait UIInterfaceOrientationLandscapeLeft UIInterfaceOrientationLandscapeRight";
				LD_RUNPATH_SEARCH_PATHS = (
					"$(inherited)",
					"@executable_path/Frameworks",
				);
				MARKETING_VERSION = 1.0;
				PRODUCT_BUNDLE_IDENTIFIER = com.philwright.PlantParent;
				PRODUCT_NAME = "$(TARGET_NAME)";
				SWIFT_EMIT_LOC_STRINGS = YES;
				SWIFT_VERSION = 5.0;
				TARGETED_DEVICE_FAMILY = "1,2";
			};
			name = Debug;
		};
		4A9FE82D29217DA30018AAB6 /* Release */ = {
			isa = XCBuildConfiguration;
			buildSettings = {
				ASSETCATALOG_COMPILER_APPICON_NAME = AppIcon;
				ASSETCATALOG_COMPILER_GLOBAL_ACCENT_COLOR_NAME = AccentColor;
				CODE_SIGN_STYLE = Automatic;
				CURRENT_PROJECT_VERSION = 1;
				DEVELOPMENT_ASSET_PATHS = "\"PlantParent/Preview Content\"";
				ENABLE_PREVIEWS = YES;
				GENERATE_INFOPLIST_FILE = YES;
				INFOPLIST_KEY_UIApplicationSceneManifest_Generation = YES;
				INFOPLIST_KEY_UIApplicationSupportsIndirectInputEvents = YES;
				INFOPLIST_KEY_UILaunchScreen_Generation = YES;
				INFOPLIST_KEY_UISupportedInterfaceOrientations_iPad = "UIInterfaceOrientationPortrait UIInterfaceOrientationPortraitUpsideDown UIInterfaceOrientationLandscapeLeft UIInterfaceOrientationLandscapeRight";
				INFOPLIST_KEY_UISupportedInterfaceOrientations_iPhone = "UIInterfaceOrientationPortrait UIInterfaceOrientationLandscapeLeft UIInterfaceOrientationLandscapeRight";
				LD_RUNPATH_SEARCH_PATHS = (
					"$(inherited)",
					"@executable_path/Frameworks",
				);
				MARKETING_VERSION = 1.0;
				PRODUCT_BUNDLE_IDENTIFIER = com.philwright.PlantParent;
				PRODUCT_NAME = "$(TARGET_NAME)";
				SWIFT_EMIT_LOC_STRINGS = YES;
				SWIFT_VERSION = 5.0;
				TARGETED_DEVICE_FAMILY = "1,2";
			};
			name = Release;
		};
		4A9FE82F29217DA30018AAB6 /* Debug */ = {
			isa = XCBuildConfiguration;
			buildSettings = {
				ALWAYS_EMBED_SWIFT_STANDARD_LIBRARIES = YES;
				BUNDLE_LOADER = "$(TEST_HOST)";
				CODE_SIGN_STYLE = Automatic;
				CURRENT_PROJECT_VERSION = 1;
				GENERATE_INFOPLIST_FILE = YES;
				IPHONEOS_DEPLOYMENT_TARGET = 16.1;
				MARKETING_VERSION = 1.0;
				PRODUCT_BUNDLE_IDENTIFIER = com.philwright.PlantParentTests;
				PRODUCT_NAME = "$(TARGET_NAME)";
				SWIFT_EMIT_LOC_STRINGS = NO;
				SWIFT_VERSION = 5.0;
				TARGETED_DEVICE_FAMILY = "1,2";
				TEST_HOST = "$(BUILT_PRODUCTS_DIR)/PlantParent.app/$(BUNDLE_EXECUTABLE_FOLDER_PATH)/PlantParent";
			};
			name = Debug;
		};
		4A9FE83029217DA30018AAB6 /* Release */ = {
			isa = XCBuildConfiguration;
			buildSettings = {
				ALWAYS_EMBED_SWIFT_STANDARD_LIBRARIES = YES;
				BUNDLE_LOADER = "$(TEST_HOST)";
				CODE_SIGN_STYLE = Automatic;
				CURRENT_PROJECT_VERSION = 1;
				GENERATE_INFOPLIST_FILE = YES;
				IPHONEOS_DEPLOYMENT_TARGET = 16.1;
				MARKETING_VERSION = 1.0;
				PRODUCT_BUNDLE_IDENTIFIER = com.philwright.PlantParentTests;
				PRODUCT_NAME = "$(TARGET_NAME)";
				SWIFT_EMIT_LOC_STRINGS = NO;
				SWIFT_VERSION = 5.0;
				TARGETED_DEVICE_FAMILY = "1,2";
				TEST_HOST = "$(BUILT_PRODUCTS_DIR)/PlantParent.app/$(BUNDLE_EXECUTABLE_FOLDER_PATH)/PlantParent";
			};
			name = Release;
		};
		4A9FE83229217DA30018AAB6 /* Debug */ = {
			isa = XCBuildConfiguration;
			buildSettings = {
				ALWAYS_EMBED_SWIFT_STANDARD_LIBRARIES = YES;
				CODE_SIGN_STYLE = Automatic;
				CURRENT_PROJECT_VERSION = 1;
				GENERATE_INFOPLIST_FILE = YES;
				MARKETING_VERSION = 1.0;
				PRODUCT_BUNDLE_IDENTIFIER = com.philwright.PlantParentUITests;
				PRODUCT_NAME = "$(TARGET_NAME)";
				SWIFT_EMIT_LOC_STRINGS = NO;
				SWIFT_VERSION = 5.0;
				TARGETED_DEVICE_FAMILY = "1,2";
				TEST_TARGET_NAME = PlantParent;
			};
			name = Debug;
		};
		4A9FE83329217DA30018AAB6 /* Release */ = {
			isa = XCBuildConfiguration;
			buildSettings = {
				ALWAYS_EMBED_SWIFT_STANDARD_LIBRARIES = YES;
				CODE_SIGN_STYLE = Automatic;
				CURRENT_PROJECT_VERSION = 1;
				GENERATE_INFOPLIST_FILE = YES;
				MARKETING_VERSION = 1.0;
				PRODUCT_BUNDLE_IDENTIFIER = com.philwright.PlantParentUITests;
				PRODUCT_NAME = "$(TARGET_NAME)";
				SWIFT_EMIT_LOC_STRINGS = NO;
				SWIFT_VERSION = 5.0;
				TARGETED_DEVICE_FAMILY = "1,2";
				TEST_TARGET_NAME = PlantParent;
			};
			name = Release;
		};
/* End XCBuildConfiguration section */

/* Begin XCConfigurationList section */
		4A9FE80229217D9F0018AAB6 /* Build configuration list for PBXProject "PlantParent" */ = {
			isa = XCConfigurationList;
			buildConfigurations = (
				4A9FE82929217DA30018AAB6 /* Debug */,
				4A9FE82A29217DA30018AAB6 /* Release */,
			);
			defaultConfigurationIsVisible = 0;
			defaultConfigurationName = Release;
		};
		4A9FE82B29217DA30018AAB6 /* Build configuration list for PBXNativeTarget "PlantParent" */ = {
			isa = XCConfigurationList;
			buildConfigurations = (
				4A9FE82C29217DA30018AAB6 /* Debug */,
				4A9FE82D29217DA30018AAB6 /* Release */,
			);
			defaultConfigurationIsVisible = 0;
			defaultConfigurationName = Release;
		};
		4A9FE82E29217DA30018AAB6 /* Build configuration list for PBXNativeTarget "PlantParentTests" */ = {
			isa = XCConfigurationList;
			buildConfigurations = (
				4A9FE82F29217DA30018AAB6 /* Debug */,
				4A9FE83029217DA30018AAB6 /* Release */,
			);
			defaultConfigurationIsVisible = 0;
			defaultConfigurationName = Release;
		};
		4A9FE83129217DA30018AAB6 /* Build configuration list for PBXNativeTarget "PlantParentUITests" */ = {
			isa = XCConfigurationList;
			buildConfigurations = (
				4A9FE83229217DA30018AAB6 /* Debug */,
				4A9FE83329217DA30018AAB6 /* Release */,
			);
			defaultConfigurationIsVisible = 0;
			defaultConfigurationName = Release;
		};
/* End XCConfigurationList section */
	};
	rootObject = 4A9FE7FF29217D9F0018AAB6 /* Project object */;
}
